
Microsoft Visual Studio Solution File, Format Version 12.00
# Visual Studio Version 17
VisualStudioVersion = 17.14.36109.1 d17.14
MinimumVisualStudioVersion = 10.0.40219.1
Project("{FAE04EC0-301F-11D3-BF4B-00C04F79EFBC}") = "Generics", "Generics\Generics.csproj", "{90722FCD-C39E-400F-B3C3-55C655CFAEFF}"
EndProject
Project("{FAE04EC0-301F-11D3-BF4B-00C04F79EFBC}") = "Validate", "ValidateGenrics\Validate.csproj", "{8819A985-FBF0-46FE-8F25-B3761CD6221D}"
EndProject
Project("{FAE04EC0-301F-11D3-BF4B-00C04F79EFBC}") = "TupleRevision", "TupleRevision\TupleRevision.csproj", "{5272EC11-D2A0-4698-8D16-D141DCAADAAC}"
EndProject
Global
	GlobalSection(SolutionConfigurationPlatforms) = preSolution
		Debug|Any CPU = Debug|Any CPU
		Release|Any CPU = Release|Any CPU
	EndGlobalSection
	GlobalSection(ProjectConfigurationPlatforms) = postSolution
		{90722FCD-C39E-400F-B3C3-55C655CFAEFF}.Debug|Any CPU.ActiveCfg = Debug|Any CPU
		{90722FCD-C39E-400F-B3C3-55C655CFAEFF}.Debug|Any CPU.Build.0 = Debug|Any CPU
		{90722FCD-C39E-400F-B3C3-55C655CFAEFF}.Release|Any CPU.ActiveCfg = Release|Any CPU
		{90722FCD-C39E-400F-B3C3-55C655CFAEFF}.Release|Any CPU.Build.0 = Release|Any CPU
		{8819A985-FBF0-46FE-8F25-B3761CD6221D}.Debug|Any CPU.ActiveCfg = Debug|Any CPU
		{8819A985-FBF0-46FE-8F25-B3761CD6221D}.Debug|Any CPU.Build.0 = Debug|Any CPU
		{8819A985-FBF0-46FE-8F25-B3761CD6221D}.Release|Any CPU.ActiveCfg = Release|Any CPU
		{8819A985-FBF0-46FE-8F25-B3761CD6221D}.Release|Any CPU.Build.0 = Release|Any CPU
		{5272EC11-D2A0-4698-8D16-D141DCAADAAC}.Debug|Any CPU.ActiveCfg = Debug|Any CPU
		{5272EC11-D2A0-4698-8D16-D141DCAADAAC}.Debug|Any CPU.Build.0 = Debug|Any CPU
		{5272EC11-D2A0-4698-8D16-D141DCAADAAC}.Release|Any CPU.ActiveCfg = Release|Any CPU
		{5272EC11-D2A0-4698-8D16-D141DCAADAAC}.Release|Any CPU.Build.0 = Release|Any CPU
	EndGlobalSection
	GlobalSection(SolutionProperties) = preSolution
		HideSolutionNode = FALSE
	EndGlobalSection
	GlobalSection(ExtensibilityGlobals) = postSolution
		SolutionGuid = {152BBD1C-4159-469A-80CF-CA7D5E358664}
	EndGlobalSection
EndGlobal
